
Microsoft Visual Studio Solution File, Format Version 12.00
# Visual Studio Version 17
VisualStudioVersion = 17.14.36109.1 d17.14
MinimumVisualStudioVersion = 10.0.40219.1
Project("{FAE04EC0-301F-11D3-BF4B-00C04F79EFBC}") = "CustomerManagement", "CustomerManagement\CustomerManagement.csproj", "{9D00A47F-2B95-46F4-B1B5-E79497C75FDA}"
EndProject
Global
	GlobalSection(SolutionConfigurationPlatforms) = preSolution
		Debug|Any CPU = Debug|Any CPU
		Release|Any CPU = Release|Any CPU
	EndGlobalSection
	GlobalSection(ProjectConfigurationPlatforms) = postSolution
		{9D00A47F-2B95-46F4-B1B5-E79497C75FDA}.Debug|Any CPU.ActiveCfg = Debug|Any CPU
		{9D00A47F-2B95-46F4-B1B5-E79497C75FDA}.Debug|Any CPU.Build.0 = Debug|Any CPU
		{9D00A47F-2B95-46F4-B1B5-E79497C75FDA}.Release|Any CPU.ActiveCfg = Release|Any CPU
		{9D00A47F-2B95-46F4-B1B5-E79497C75FDA}.Release|Any CPU.Build.0 = Release|Any CPU
	EndGlobalSection
	GlobalSection(SolutionProperties) = preSolution
		HideSolutionNode = FALSE
	EndGlobalSection
	GlobalSection(ExtensibilityGlobals) = postSolution
		SolutionGuid = {761C2A67-28F2-48A1-B890-767626A9A4B5}
	EndGlobalSection
EndGlobal
